dependencies:
- name: webui
  repository: file://../webui/
  version: 0.1.0
- name: postgresql
  repository: https://charts.bitnami.com/bitnami
  version: 16.7.27
- name: worker
  repository: file://../worker/
  version: 0.1.0
digest: sha256:0eb1a53cdbbed8bc78066984feddfe993fde87d08c882f58c06d79e7abc10b90
generated: "2025-09-29T16:05:13.224586625+02:00"
