dependencies:
- name: webui
  repository: file://../webui/
  version: 0.1.0
- name: postgresql
  repository: file://../postgresql
  version: 0.1.0
- name: worker
  repository: file://../worker/
  version: 0.1.0
digest: sha256:498f56db23290d6fa062033f0208967d83f8749e20b8f066578cd0f6bde6b55b
generated: "2025-09-29T17:38:24.226111422+02:00"
